{
  "name": "acme-helpdesk",
  "version": "0.4.0",
  "lockfileVersion": 3,
  "requires": true,
  "packages": {
    "": {
      "name": "acme-helpdesk",
      "version": "0.4.0"
    },
    "node_modules/react": {
      "version": "19.1.0",
      "resolved": "https://registry.npmjs.org/react/-/react-19.1.0.tgz",
      "license": "MIT"
    },
    "node_modules/react-dom": {
      "version": "19.1.0",
      "resolved": "https://registry.npmjs.org/react-dom/-/react-dom-19.1.0.tgz",
      "license": "MIT"
    },
    "node_modules/react-router": {
      "version": "7.9.2",
      "resolved": "https://registry.npmjs.org/react-router/-/react-router-7.9.2.tgz",
      "license": "MIT"
    },
    "node_modules/@react-router/node": {
      "version": "7.9.2",
      "resolved": "https://registry.npmjs.org/@react-router/node/-/node-7.9.2.tgz",
      "license": "MIT"
    },
    "node_modules/@react-router/serve": {
      "version": "7.9.2",
      "resolved": "https://registry.npmjs.org/@react-router/serve/-/serve-7.9.2.tgz",
      "license": "MIT"
    },
    "node_modules/@react-router/dev": {
      "version": "7.9.2",
      "resolved": "https://registry.npmjs.org/@react-router/dev/-/dev-7.9.2.tgz",
      "dev": true,
      "license": "MIT"
    },
    "node_modules/vite": {
      "version": "6.3.5",
      "resolved": "https://registry.npmjs.org/vite/-/vite-6.3.5.tgz",
      "dev": true,
      "license": "MIT"
    },
    "node_modules/isomorphic-dompurify": {
      "version": "4.4.0",
      "resolved": "https://registry.npmjs.org/isomorphic-dompurify/-/isomorphic-dompurify-4.4.0.tgz",
      "license": "MIT"
    },
    "node_modules/dompurify": {
      "version": "3.4.16",
      "resolved": "https://registry.npmjs.org/dompurify/-/dompurify-3.4.16.tgz",
      "license": "(MPL-2.0 OR Apache-2.0)"
    },
    "node_modules/marked": {
      "version": "15.0.7",
      "resolved": "https://registry.npmjs.org/marked/-/marked-15.0.7.tgz",
      "license": "MIT"
    },
    "node_modules/react-markdown": {
      "version": "10.1.0",
      "resolved": "https://registry.npmjs.org/react-markdown/-/react-markdown-10.1.0.tgz",
      "license": "MIT"
    },
    "node_modules/zod": {
      "version": "3.24.2",
      "resolved": "https://registry.npmjs.org/zod/-/zod-3.24.2.tgz",
      "license": "MIT"
    }
  }
}
